{
  "name": "CSRConnect",
  "lockfileVersion": 2,
  "requires": true,
  "packages": {
    "": {
      "dependencies": {
        "tiny-tfidf": "^0.9.1"
      }
    },
    "node_modules/tiny-tfidf": {
      "version": "0.9.1",
      "resolved": "https://registry.npmjs.org/tiny-tfidf/-/tiny-tfidf-0.9.1.tgz",
      "integrity": "sha512-KfXj7aHwpHWtecGskoC6TIgAy+AFT8ZyjSLDHFTbhlK29RQL+77xH1ZbUSp1mTe7Y+/Ox3GccvynoNUBWJHK3A=="
    }
  },
  "dependencies": {
    "tiny-tfidf": {
      "version": "0.9.1",
      "resolved": "https://registry.npmjs.org/tiny-tfidf/-/tiny-tfidf-0.9.1.tgz",
      "integrity": "sha512-KfXj7aHwpHWtecGskoC6TIgAy+AFT8ZyjSLDHFTbhlK29RQL+77xH1ZbUSp1mTe7Y+/Ox3GccvynoNUBWJHK3A=="
    }
  }
}
